
Microsoft Visual Studio Solution File, Format Version 12.00
# Visual Studio Version 17
VisualStudioVersion = 17.3.32929.385
MinimumVisualStudioVersion = 10.0.40219.1
Project("{FAE04EC0-301F-11D3-BF4B-00C04F79EFBC}") = "FormMessageBox", "FormMessageBox\FormMessageBox.csproj", "{C2C3563F-5849-4359-9ACC-65CB33840102}"
EndProject
Global
	GlobalSection(SolutionConfigurationPlatforms) = preSolution
		Debug|Any CPU = Debug|Any CPU
		Release|Any CPU = Release|Any CPU
	EndGlobalSection
	GlobalSection(ProjectConfigurationPlatforms) = postSolution
		{C2C3563F-5849-4359-9ACC-65CB33840102}.Debug|Any CPU.ActiveCfg = Debug|Any CPU
		{C2C3563F-5849-4359-9ACC-65CB33840102}.Debug|Any CPU.Build.0 = Debug|Any CPU
		{C2C3563F-5849-4359-9ACC-65CB33840102}.Release|Any CPU.ActiveCfg = Release|Any CPU
		{C2C3563F-5849-4359-9ACC-65CB33840102}.Release|Any CPU.Build.0 = Release|Any CPU
	EndGlobalSection
	GlobalSection(SolutionProperties) = preSolution
		HideSolutionNode = FALSE
	EndGlobalSection
	GlobalSection(ExtensibilityGlobals) = postSolution
		SolutionGuid = {2A16B1BF-50EC-4623-8D63-F4CBFF32B73F}
	EndGlobalSection
EndGlobal
